// !$*UTF8*$!
{
	archiveVersion = 1;
	classes = {
	};
	objectVersion = 46;
	objects = {

/* Begin PBXBuildFile section */
		131628F213842A7B00884EEB /* UIKit.framework in Frameworks */ = {isa = PBXBuildFile; fileRef = 131628F113842A7B00884EEB /* UIKit.framework */; };
		131628F413842A7B00884EEB /* Foundation.framework in Frameworks */ = {isa = PBXBuildFile; fileRef = 131628F313842A7B00884EEB /* Foundation.framework */; };
		131628F613842A7B00884EEB /* CoreGraphics.framework in Frameworks */ = {isa = PBXBuildFile; fileRef = 131628F513842A7B00884EEB /* CoreGraphics.framework */; };
		1316293B13842AC900884EEB /* NSDateFormatter+Extras.m in Sources */ = {isa = PBXBuildFile; fileRef = 1316291613842AC900884EEB /* NSDateFormatter+Extras.m */; };
		1316293C13842AC900884EEB /* NSDictionary+EmptyStrings.m in Sources */ = {isa = PBXBuildFile; fileRef = 1316291813842AC900884EEB /* NSDictionary+EmptyStrings.m */; };
		1316293D13842AC900884EEB /* NSString+HTML.m in Sources */ = {isa = PBXBuildFile; fileRef = 1316291A13842AC900884EEB /* NSString+HTML.m */; };
		1316293E13842AC900884EEB /* UINavigationBar+CustomImage.m in Sources */ = {isa = PBXBuildFile; fileRef = 1316291C13842AC900884EEB /* UINavigationBar+CustomImage.m */; };
		1316293F13842AC900884EEB /* FeedArticleController.m in Sources */ = {isa = PBXBuildFile; fileRef = 1316291F13842AC900884EEB /* FeedArticleController.m */; };
		1316294013842AC900884EEB /* FeedListingController.m in Sources */ = {isa = PBXBuildFile; fileRef = 1316292113842AC900884EEB /* FeedListingController.m */; };
		1316294113842AC900884EEB /* ColllumnsAppDelegate.m in Sources */ = {isa = PBXBuildFile; fileRef = 1316292413842AC900884EEB /* ColllumnsAppDelegate.m */; };
		1316294213842AC900884EEB /* FeedArticle.m in Sources */ = {isa = PBXBuildFile; fileRef = 1316292713842AC900884EEB /* FeedArticle.m */; };
		1316294313842AC900884EEB /* FeedListing.m in Sources */ = {isa = PBXBuildFile; fileRef = 1316292913842AC900884EEB /* FeedListing.m */; };
		1316294413842AC900884EEB /* FeedListingDataSource.m in Sources */ = {isa = PBXBuildFile; fileRef = 1316292B13842AC900884EEB /* FeedListingDataSource.m */; };
		1316294513842AC900884EEB /* FeedListingJSONResponse.m in Sources */ = {isa = PBXBuildFile; fileRef = 1316292D13842AC900884EEB /* FeedListingJSONResponse.m */; };
		1316294613842AC900884EEB /* FeedListingResultsModel.m in Sources */ = {isa = PBXBuildFile; fileRef = 1316292F13842AC900884EEB /* FeedListingResultsModel.m */; };
		1316294713842AC900884EEB /* ArticleTableMessageItem.m in Sources */ = {isa = PBXBuildFile; fileRef = 1316293213842AC900884EEB /* ArticleTableMessageItem.m */; };
		1316294813842AC900884EEB /* ArticleTableMessageItemCell.m in Sources */ = {isa = PBXBuildFile; fileRef = 1316293413842AC900884EEB /* ArticleTableMessageItemCell.m */; };
		1316294913842AC900884EEB /* ColllumnsStyles.m in Sources */ = {isa = PBXBuildFile; fileRef = 1316293613842AC900884EEB /* ColllumnsStyles.m */; };
		1316294A13842AC900884EEB /* ListingTableMessageItem.m in Sources */ = {isa = PBXBuildFile; fileRef = 1316293813842AC900884EEB /* ListingTableMessageItem.m */; };
		1316294B13842AC900884EEB /* ListingTableMessageItemCell.m in Sources */ = {isa = PBXBuildFile; fileRef = 1316293A13842AC900884EEB /* ListingTableMessageItemCell.m */; };
		1316296213842AD400884EEB /* GTMNSDictionary+URLArguments.m in Sources */ = {isa = PBXBuildFile; fileRef = 1316294F13842AD400884EEB /* GTMNSDictionary+URLArguments.m */; };
		1316296313842AD400884EEB /* GTMNSString+HTML.m in Sources */ = {isa = PBXBuildFile; fileRef = 1316295113842AD400884EEB /* GTMNSString+HTML.m */; };
		1316296413842AD400884EEB /* GTMNSString+URLArguments.m in Sources */ = {isa = PBXBuildFile; fileRef = 1316295313842AD400884EEB /* GTMNSString+URLArguments.m */; };
		1316296513842AD400884EEB /* NSObject+SBJSON.m in Sources */ = {isa = PBXBuildFile; fileRef = 1316295713842AD400884EEB /* NSObject+SBJSON.m */; };
		1316296613842AD400884EEB /* NSString+SBJSON.m in Sources */ = {isa = PBXBuildFile; fileRef = 1316295913842AD400884EEB /* NSString+SBJSON.m */; };
		1316296713842AD400884EEB /* SBJSON.m in Sources */ = {isa = PBXBuildFile; fileRef = 1316295B13842AD400884EEB /* SBJSON.m */; };
		1316296813842AD400884EEB /* SBJsonBase.m in Sources */ = {isa = PBXBuildFile; fileRef = 1316295D13842AD400884EEB /* SBJsonBase.m */; };
		1316296913842AD400884EEB /* SBJsonParser.m in Sources */ = {isa = PBXBuildFile; fileRef = 1316295F13842AD400884EEB /* SBJsonParser.m */; };
		1316296A13842AD400884EEB /* SBJsonWriter.m in Sources */ = {isa = PBXBuildFile; fileRef = 1316296113842AD400884EEB /* SBJsonWriter.m */; };
		1316296F13842AF200884EEB /* colllumns-Info.plist in Resources */ = {isa = PBXBuildFile; fileRef = 1316296D13842AF200884EEB /* colllumns-Info.plist */; };
		1316297013842AF200884EEB /* main.m in Sources */ = {isa = PBXBuildFile; fileRef = 1316296E13842AF200884EEB /* main.m */; };
		1316297213842B1100884EEB /* InfoPlist.strings in Resources */ = {isa = PBXBuildFile; fileRef = 1316297113842B1100884EEB /* InfoPlist.strings */; };
/* End PBXBuildFile section */

/* Begin PBXFileReference section */
		131628ED13842A7B00884EEB /* Colllumns.app */ = {isa = PBXFileReference; explicitFileType = wrapper.application; includeInIndex = 0; path = Colllumns.app; sourceTree = BUILT_PRODUCTS_DIR; };
		131628F113842A7B00884EEB /* UIKit.framework */ = {isa = PBXFileReference; lastKnownFileType = wrapper.framework; name = UIKit.framework; path = System/Library/Frameworks/UIKit.framework; sourceTree = SDKROOT; };
		131628F313842A7B00884EEB /* Foundation.framework */ = {isa = PBXFileReference; lastKnownFileType = wrapper.framework; name = Foundation.framework; path = System/Library/Frameworks/Foundation.framework; sourceTree = SDKROOT; };
		131628F513842A7B00884EEB /* CoreGraphics.framework */ = {isa = PBXFileReference; lastKnownFileType = wrapper.framework; name = CoreGraphics.framework; path = System/Library/Frameworks/CoreGraphics.framework; sourceTree = SDKROOT; };
		1316291513842AC900884EEB /* NSDateFormatter+Extras.h */ = {isa = PBXFileReference; fileEncoding = 4; lastKnownFileType = sourcecode.c.h; path = "NSDateFormatter+Extras.h"; sourceTree = "<group>"; };
		1316291613842AC900884EEB /* NSDateFormatter+Extras.m */ = {isa = PBXFileReference; fileEncoding = 4; lastKnownFileType = sourcecode.c.objc; path = "NSDateFormatter+Extras.m"; sourceTree = "<group>"; };
		1316291713842AC900884EEB /* NSDictionary+EmptyStrings.h */ = {isa = PBXFileReference; fileEncoding = 4; lastKnownFileType = sourcecode.c.h; path = "NSDictionary+EmptyStrings.h"; sourceTree = "<group>"; };
		1316291813842AC900884EEB /* NSDictionary+EmptyStrings.m */ = {isa = PBXFileReference; fileEncoding = 4; lastKnownFileType = sourcecode.c.objc; path = "NSDictionary+EmptyStrings.m"; sourceTree = "<group>"; };
		1316291913842AC900884EEB /* NSString+HTML.h */ = {isa = PBXFileReference; fileEncoding = 4; lastKnownFileType = sourcecode.c.h; path = "NSString+HTML.h"; sourceTree = "<group>"; };
		1316291A13842AC900884EEB /* NSString+HTML.m */ = {isa = PBXFileReference; fileEncoding = 4; lastKnownFileType = sourcecode.c.objc; path = "NSString+HTML.m"; sourceTree = "<group>"; };
		1316291B13842AC900884EEB /* UINavigationBar+CustomImage.h */ = {isa = PBXFileReference; fileEncoding = 4; lastKnownFileType = sourcecode.c.h; path = "UINavigationBar+CustomImage.h"; sourceTree = "<group>"; };
		1316291C13842AC900884EEB /* UINavigationBar+CustomImage.m */ = {isa = PBXFileReference; fileEncoding = 4; lastKnownFileType = sourcecode.c.objc; path = "UINavigationBar+CustomImage.m"; sourceTree = "<group>"; };
		1316291E13842AC900884EEB /* FeedArticleController.h */ = {isa = PBXFileReference; fileEncoding = 4; lastKnownFileType = sourcecode.c.h; path = FeedArticleController.h; sourceTree = "<group>"; };
		1316291F13842AC900884EEB /* FeedArticleController.m */ = {isa = PBXFileReference; fileEncoding = 4; lastKnownFileType = sourcecode.c.objc; path = FeedArticleController.m; sourceTree = "<group>"; };
		1316292013842AC900884EEB /* FeedListingController.h */ = {isa = PBXFileReference; fileEncoding = 4; lastKnownFileType = sourcecode.c.h; path = FeedListingController.h; sourceTree = "<group>"; };
		1316292113842AC900884EEB /* FeedListingController.m */ = {isa = PBXFileReference; fileEncoding = 4; lastKnownFileType = sourcecode.c.objc; path = FeedListingController.m; sourceTree = "<group>"; };
		1316292313842AC900884EEB /* ColllumnsAppDelegate.h */ = {isa = PBXFileReference; fileEncoding = 4; lastKnownFileType = sourcecode.c.h; path = ColllumnsAppDelegate.h; sourceTree = "<group>"; };
		1316292413842AC900884EEB /* ColllumnsAppDelegate.m */ = {isa = PBXFileReference; fileEncoding = 4; lastKnownFileType = sourcecode.c.objc; path = ColllumnsAppDelegate.m; sourceTree = "<group>"; };
		1316292613842AC900884EEB /* FeedArticle.h */ = {isa = PBXFileReference; fileEncoding = 4; lastKnownFileType = sourcecode.c.h; path = FeedArticle.h; sourceTree = "<group>"; };
		1316292713842AC900884EEB /* FeedArticle.m */ = {isa = PBXFileReference; fileEncoding = 4; lastKnownFileType = sourcecode.c.objc; path = FeedArticle.m; sourceTree = "<group>"; };
		1316292813842AC900884EEB /* FeedListing.h */ = {isa = PBXFileReference; fileEncoding = 4; lastKnownFileType = sourcecode.c.h; path = FeedListing.h; sourceTree = "<group>"; };
		1316292913842AC900884EEB /* FeedListing.m */ = {isa = PBXFileReference; fileEncoding = 4; lastKnownFileType = sourcecode.c.objc; path = FeedListing.m; sourceTree = "<group>"; };
		1316292A13842AC900884EEB /* FeedListingDataSource.h */ = {isa = PBXFileReference; fileEncoding = 4; lastKnownFileType = sourcecode.c.h; path = FeedListingDataSource.h; sourceTree = "<group>"; };
		1316292B13842AC900884EEB /* FeedListingDataSource.m */ = {isa = PBXFileReference; fileEncoding = 4; lastKnownFileType = sourcecode.c.objc; path = FeedListingDataSource.m; sourceTree = "<group>"; };
		1316292C13842AC900884EEB /* FeedListingJSONResponse.h */ = {isa = PBXFileReference; fileEncoding = 4; lastKnownFileType = sourcecode.c.h; path = FeedListingJSONResponse.h; sourceTree = "<group>"; };
		1316292D13842AC900884EEB /* FeedListingJSONResponse.m */ = {isa = PBXFileReference; fileEncoding = 4; lastKnownFileType = sourcecode.c.objc; path = FeedListingJSONResponse.m; sourceTree = "<group>"; };
		1316292E13842AC900884EEB /* FeedListingResultsModel.h */ = {isa = PBXFileReference; fileEncoding = 4; lastKnownFileType = sourcecode.c.h; path = FeedListingResultsModel.h; sourceTree = "<group>"; };
		1316292F13842AC900884EEB /* FeedListingResultsModel.m */ = {isa = PBXFileReference; fileEncoding = 4; lastKnownFileType = sourcecode.c.objc; path = FeedListingResultsModel.m; sourceTree = "<group>"; };
		1316293113842AC900884EEB /* ArticleTableMessageItem.h */ = {isa = PBXFileReference; fileEncoding = 4; lastKnownFileType = sourcecode.c.h; path = ArticleTableMessageItem.h; sourceTree = "<group>"; };
		1316293213842AC900884EEB /* ArticleTableMessageItem.m */ = {isa = PBXFileReference; fileEncoding = 4; lastKnownFileType = sourcecode.c.objc; path = ArticleTableMessageItem.m; sourceTree = "<group>"; };
		1316293313842AC900884EEB /* ArticleTableMessageItemCell.h */ = {isa = PBXFileReference; fileEncoding = 4; lastKnownFileType = sourcecode.c.h; path = ArticleTableMessageItemCell.h; sourceTree = "<group>"; };
		1316293413842AC900884EEB /* ArticleTableMessageItemCell.m */ = {isa = PBXFileReference; fileEncoding = 4; lastKnownFileType = sourcecode.c.objc; path = ArticleTableMessageItemCell.m; sourceTree = "<group>"; };
		1316293513842AC900884EEB /* ColllumnsStyles.h */ = {isa = PBXFileReference; fileEncoding = 4; lastKnownFileType = sourcecode.c.h; path = ColllumnsStyles.h; sourceTree = "<group>"; };
		1316293613842AC900884EEB /* ColllumnsStyles.m */ = {isa = PBXFileReference; fileEncoding = 4; lastKnownFileType = sourcecode.c.objc; path = ColllumnsStyles.m; sourceTree = "<group>"; };
		1316293713842AC900884EEB /* ListingTableMessageItem.h */ = {isa = PBXFileReference; fileEncoding = 4; lastKnownFileType = sourcecode.c.h; path = ListingTableMessageItem.h; sourceTree = "<group>"; };
		1316293813842AC900884EEB /* ListingTableMessageItem.m */ = {isa = PBXFileReference; fileEncoding = 4; lastKnownFileType = sourcecode.c.objc; path = ListingTableMessageItem.m; sourceTree = "<group>"; };
		1316293913842AC900884EEB /* ListingTableMessageItemCell.h */ = {isa = PBXFileReference; fileEncoding = 4; lastKnownFileType = sourcecode.c.h; path = ListingTableMessageItemCell.h; sourceTree = "<group>"; };
		1316293A13842AC900884EEB /* ListingTableMessageItemCell.m */ = {isa = PBXFileReference; fileEncoding = 4; lastKnownFileType = sourcecode.c.objc; path = ListingTableMessageItemCell.m; sourceTree = "<group>"; };
		1316294D13842AD400884EEB /* GTMDefines.h */ = {isa = PBXFileReference; fileEncoding = 4; lastKnownFileType = sourcecode.c.h; path = GTMDefines.h; sourceTree = "<group>"; };
		1316294E13842AD400884EEB /* GTMNSDictionary+URLArguments.h */ = {isa = PBXFileReference; fileEncoding = 4; lastKnownFileType = sourcecode.c.h; path = "GTMNSDictionary+URLArguments.h"; sourceTree = "<group>"; };
		1316294F13842AD400884EEB /* GTMNSDictionary+URLArguments.m */ = {isa = PBXFileReference; fileEncoding = 4; lastKnownFileType = sourcecode.c.objc; path = "GTMNSDictionary+URLArguments.m"; sourceTree = "<group>"; };
		1316295013842AD400884EEB /* GTMNSString+HTML.h */ = {isa = PBXFileReference; fileEncoding = 4; lastKnownFileType = sourcecode.c.h; path = "GTMNSString+HTML.h"; sourceTree = "<group>"; };
		1316295113842AD400884EEB /* GTMNSString+HTML.m */ = {isa = PBXFileReference; fileEncoding = 4; lastKnownFileType = sourcecode.c.objc; path = "GTMNSString+HTML.m"; sourceTree = "<group>"; };
		1316295213842AD400884EEB /* GTMNSString+URLArguments.h */ = {isa = PBXFileReference; fileEncoding = 4; lastKnownFileType = sourcecode.c.h; path = "GTMNSString+URLArguments.h"; sourceTree = "<group>"; };
		1316295313842AD400884EEB /* GTMNSString+URLArguments.m */ = {isa = PBXFileReference; fileEncoding = 4; lastKnownFileType = sourcecode.c.objc; path = "GTMNSString+URLArguments.m"; sourceTree = "<group>"; };
		1316295513842AD400884EEB /* JSON.h */ = {isa = PBXFileReference; fileEncoding = 4; lastKnownFileType = sourcecode.c.h; path = JSON.h; sourceTree = "<group>"; };
		1316295613842AD400884EEB /* NSObject+SBJSON.h */ = {isa = PBXFileReference; fileEncoding = 4; lastKnownFileType = sourcecode.c.h; path = "NSObject+SBJSON.h"; sourceTree = "<group>"; };
		1316295713842AD400884EEB /* NSObject+SBJSON.m */ = {isa = PBXFileReference; fileEncoding = 4; lastKnownFileType = sourcecode.c.objc; path = "NSObject+SBJSON.m"; sourceTree = "<group>"; };
		1316295813842AD400884EEB /* NSString+SBJSON.h */ = {isa = PBXFileReference; fileEncoding = 4; lastKnownFileType = sourcecode.c.h; path = "NSString+SBJSON.h"; sourceTree = "<group>"; };
		1316295913842AD400884EEB /* NSString+SBJSON.m */ = {isa = PBXFileReference; fileEncoding = 4; lastKnownFileType = sourcecode.c.objc; path = "NSString+SBJSON.m"; sourceTree = "<group>"; };
		1316295A13842AD400884EEB /* SBJSON.h */ = {isa = PBXFileReference; fileEncoding = 4; lastKnownFileType = sourcecode.c.h; path = SBJSON.h; sourceTree = "<group>"; };
		1316295B13842AD400884EEB /* SBJSON.m */ = {isa = PBXFileReference; fileEncoding = 4; lastKnownFileType = sourcecode.c.objc; path = SBJSON.m; sourceTree = "<group>"; };
		1316295C13842AD400884EEB /* SBJsonBase.h */ = {isa = PBXFileReference; fileEncoding = 4; lastKnownFileType = sourcecode.c.h; path = SBJsonBase.h; sourceTree = "<group>"; };
		1316295D13842AD400884EEB /* SBJsonBase.m */ = {isa = PBXFileReference; fileEncoding = 4; lastKnownFileType = sourcecode.c.objc; path = SBJsonBase.m; sourceTree = "<group>"; };
		1316295E13842AD400884EEB /* SBJsonParser.h */ = {isa = PBXFileReference; fileEncoding = 4; lastKnownFileType = sourcecode.c.h; path = SBJsonParser.h; sourceTree = "<group>"; };
		1316295F13842AD400884EEB /* SBJsonParser.m */ = {isa = PBXFileReference; fileEncoding = 4; lastKnownFileType = sourcecode.c.objc; path = SBJsonParser.m; sourceTree = "<group>"; };
		1316296013842AD400884EEB /* SBJsonWriter.h */ = {isa = PBXFileReference; fileEncoding = 4; lastKnownFileType = sourcecode.c.h; path = SBJsonWriter.h; sourceTree = "<group>"; };
		1316296113842AD400884EEB /* SBJsonWriter.m */ = {isa = PBXFileReference; fileEncoding = 4; lastKnownFileType = sourcecode.c.objc; path = SBJsonWriter.m; sourceTree = "<group>"; };
		1316296C13842AF200884EEB /* Colllumns-Prefix.pch */ = {isa = PBXFileReference; fileEncoding = 4; lastKnownFileType = sourcecode.c.h; path = "Colllumns-Prefix.pch"; sourceTree = "<group>"; };
		1316296D13842AF200884EEB /* colllumns-Info.plist */ = {isa = PBXFileReference; fileEncoding = 4; lastKnownFileType = text.plist.xml; path = "colllumns-Info.plist"; sourceTree = "<group>"; };
		1316296E13842AF200884EEB /* main.m */ = {isa = PBXFileReference; fileEncoding = 4; lastKnownFileType = sourcecode.c.objc; path = main.m; sourceTree = "<group>"; };
		1316297113842B1100884EEB /* InfoPlist.strings */ = {isa = PBXFileReference; fileEncoding = 4; lastKnownFileType = text.plist.strings; path = InfoPlist.strings; sourceTree = "<group>"; };
/* End PBXFileReference section */

/* Begin PBXFrameworksBuildPhase section */
		131628EA13842A7B00884EEB /* Frameworks */ = {
			isa = PBXFrameworksBuildPhase;
			buildActionMask = 2147483647;
			files = (
				131628F213842A7B00884EEB /* UIKit.framework in Frameworks */,
				131628F413842A7B00884EEB /* Foundation.framework in Frameworks */,
				131628F613842A7B00884EEB /* CoreGraphics.framework in Frameworks */,
			);
			runOnlyForDeploymentPostprocessing = 0;
		};
/* End PBXFrameworksBuildPhase section */

/* Begin PBXGroup section */
		131628E213842A7A00884EEB = {
			isa = PBXGroup;
			children = (
				131628F713842A7B00884EEB /* Colllumns */,
				131628F013842A7B00884EEB /* Frameworks */,
				131628EE13842A7B00884EEB /* Products */,
			);
			sourceTree = "<group>";
		};
		131628EE13842A7B00884EEB /* Products */ = {
			isa = PBXGroup;
			children = (
				131628ED13842A7B00884EEB /* Colllumns.app */,
			);
			name = Products;
			sourceTree = "<group>";
		};
		131628F013842A7B00884EEB /* Frameworks */ = {
			isa = PBXGroup;
			children = (
				131628F113842A7B00884EEB /* UIKit.framework */,
				131628F313842A7B00884EEB /* Foundation.framework */,
				131628F513842A7B00884EEB /* CoreGraphics.framework */,
			);
			name = Frameworks;
			sourceTree = "<group>";
		};
		131628F713842A7B00884EEB /* Colllumns */ = {
			isa = PBXGroup;
			children = (
				1316291413842AC900884EEB /* categories */,
				1316291D13842AC900884EEB /* controller */,
				1316292213842AC900884EEB /* delegate */,
				1316292513842AC900884EEB /* model */,
				1316293013842AC900884EEB /* view */,
				1316296B13842AD800884EEB /* support */,
				131628F813842A7B00884EEB /* Supporting Files */,
			);
			path = Colllumns;
			sourceTree = "<group>";
		};
		131628F813842A7B00884EEB /* Supporting Files */ = {
			isa = PBXGroup;
			children = (
				1316297113842B1100884EEB /* InfoPlist.strings */,
				1316296C13842AF200884EEB /* Colllumns-Prefix.pch */,
				1316296D13842AF200884EEB /* colllumns-Info.plist */,
				1316296E13842AF200884EEB /* main.m */,
			);
			name = "Supporting Files";
			sourceTree = "<group>";
		};
		1316291413842AC900884EEB /* categories */ = {
			isa = PBXGroup;
			children = (
				1316291513842AC900884EEB /* NSDateFormatter+Extras.h */,
				1316291613842AC900884EEB /* NSDateFormatter+Extras.m */,
				1316291713842AC900884EEB /* NSDictionary+EmptyStrings.h */,
				1316291813842AC900884EEB /* NSDictionary+EmptyStrings.m */,
				1316291913842AC900884EEB /* NSString+HTML.h */,
				1316291A13842AC900884EEB /* NSString+HTML.m */,
				1316291B13842AC900884EEB /* UINavigationBar+CustomImage.h */,
				1316291C13842AC900884EEB /* UINavigationBar+CustomImage.m */,
			);
			path = categories;
			sourceTree = "<group>";
		};
		1316291D13842AC900884EEB /* controller */ = {
			isa = PBXGroup;
			children = (
				1316291E13842AC900884EEB /* FeedArticleController.h */,
				1316291F13842AC900884EEB /* FeedArticleController.m */,
				1316292013842AC900884EEB /* FeedListingController.h */,
				1316292113842AC900884EEB /* FeedListingController.m */,
			);
			path = controller;
			sourceTree = "<group>";
		};
		1316292213842AC900884EEB /* delegate */ = {
			isa = PBXGroup;
			children = (
				1316292313842AC900884EEB /* ColllumnsAppDelegate.h */,
				1316292413842AC900884EEB /* ColllumnsAppDelegate.m */,
			);
			path = delegate;
			sourceTree = "<group>";
		};
		1316292513842AC900884EEB /* model */ = {
			isa = PBXGroup;
			children = (
				1316292613842AC900884EEB /* FeedArticle.h */,
				1316292713842AC900884EEB /* FeedArticle.m */,
				1316292813842AC900884EEB /* FeedListing.h */,
				1316292913842AC900884EEB /* FeedListing.m */,
				1316292A13842AC900884EEB /* FeedListingDataSource.h */,
				1316292B13842AC900884EEB /* FeedListingDataSource.m */,
				1316292C13842AC900884EEB /* FeedListingJSONResponse.h */,
				1316292D13842AC900884EEB /* FeedListingJSONResponse.m */,
				1316292E13842AC900884EEB /* FeedListingResultsModel.h */,
				1316292F13842AC900884EEB /* FeedListingResultsModel.m */,
			);
			path = model;
			sourceTree = "<group>";
		};
		1316293013842AC900884EEB /* view */ = {
			isa = PBXGroup;
			children = (
				1316293113842AC900884EEB /* ArticleTableMessageItem.h */,
				1316293213842AC900884EEB /* ArticleTableMessageItem.m */,
				1316293313842AC900884EEB /* ArticleTableMessageItemCell.h */,
				1316293413842AC900884EEB /* ArticleTableMessageItemCell.m */,
				1316293513842AC900884EEB /* ColllumnsStyles.h */,
				1316293613842AC900884EEB /* ColllumnsStyles.m */,
				1316293713842AC900884EEB /* ListingTableMessageItem.h */,
				1316293813842AC900884EEB /* ListingTableMessageItem.m */,
				1316293913842AC900884EEB /* ListingTableMessageItemCell.h */,
				1316293A13842AC900884EEB /* ListingTableMessageItemCell.m */,
			);
			path = view;
			sourceTree = "<group>";
		};
		1316294C13842AD400884EEB /* GTM */ = {
			isa = PBXGroup;
			children = (
				1316294D13842AD400884EEB /* GTMDefines.h */,
				1316294E13842AD400884EEB /* GTMNSDictionary+URLArguments.h */,
				1316294F13842AD400884EEB /* GTMNSDictionary+URLArguments.m */,
				1316295013842AD400884EEB /* GTMNSString+HTML.h */,
				1316295113842AD400884EEB /* GTMNSString+HTML.m */,
				1316295213842AD400884EEB /* GTMNSString+URLArguments.h */,
				1316295313842AD400884EEB /* GTMNSString+URLArguments.m */,
			);
			path = GTM;
			sourceTree = "<group>";
		};
		1316295413842AD400884EEB /* JSON */ = {
			isa = PBXGroup;
			children = (
				1316295513842AD400884EEB /* JSON.h */,
				1316295613842AD400884EEB /* NSObject+SBJSON.h */,
				1316295713842AD400884EEB /* NSObject+SBJSON.m */,
				1316295813842AD400884EEB /* NSString+SBJSON.h */,
				1316295913842AD400884EEB /* NSString+SBJSON.m */,
				1316295A13842AD400884EEB /* SBJSON.h */,
				1316295B13842AD400884EEB /* SBJSON.m */,
				1316295C13842AD400884EEB /* SBJsonBase.h */,
				1316295D13842AD400884EEB /* SBJsonBase.m */,
				1316295E13842AD400884EEB /* SBJsonParser.h */,
				1316295F13842AD400884EEB /* SBJsonParser.m */,
				1316296013842AD400884EEB /* SBJsonWriter.h */,
				1316296113842AD400884EEB /* SBJsonWriter.m */,
			);
			path = JSON;
			sourceTree = "<group>";
		};
		1316296B13842AD800884EEB /* support */ = {
			isa = PBXGroup;
			children = (
				1316294C13842AD400884EEB /* GTM */,
				1316295413842AD400884EEB /* JSON */,
			);
			name = support;
			sourceTree = "<group>";
		};
/* End PBXGroup section */

/* Begin PBXNativeTarget section */
		131628EC13842A7B00884EEB /* Colllumns */ = {
			isa = PBXNativeTarget;
			buildConfigurationList = 1316290813842A7B00884EEB /* Build configuration list for PBXNativeTarget "Colllumns" */;
			buildPhases = (
				131628E913842A7B00884EEB /* Sources */,
				131628EA13842A7B00884EEB /* Frameworks */,
				131628EB13842A7B00884EEB /* Resources */,
			);
			buildRules = (
			);
			dependencies = (
			);
			name = Colllumns;
			productName = Colllumns;
			productReference = 131628ED13842A7B00884EEB /* Colllumns.app */;
			productType = "com.apple.product-type.application";
		};
/* End PBXNativeTarget section */

/* Begin PBXProject section */
		131628E413842A7A00884EEB /* Project object */ = {
			isa = PBXProject;
			buildConfigurationList = 131628E713842A7A00884EEB /* Build configuration list for PBXProject "Colllumns" */;
			compatibilityVersion = "Xcode 3.2";
			developmentRegion = English;
			hasScannedForEncodings = 0;
			knownRegions = (
				en,
			);
			mainGroup = 131628E213842A7A00884EEB;
			productRefGroup = 131628EE13842A7B00884EEB /* Products */;
			projectDirPath = "";
			projectRoot = "";
			targets = (
				131628EC13842A7B00884EEB /* Colllumns */,
			);
		};
/* End PBXProject section */

/* Begin PBXResourcesBuildPhase section */
		131628EB13842A7B00884EEB /* Resources */ = {
			isa = PBXResourcesBuildPhase;
			buildActionMask = 2147483647;
			files = (
				1316296F13842AF200884EEB /* colllumns-Info.plist in Resources */,
				1316297213842B1100884EEB /* InfoPlist.strings in Resources */,
			);
			runOnlyForDeploymentPostprocessing = 0;
		};
/* End PBXResourcesBuildPhase section */

/* Begin PBXSourcesBuildPhase section */
		131628E913842A7B00884EEB /* Sources */ = {
			isa = PBXSourcesBuildPhase;
			buildActionMask = 2147483647;
			files = (
				1316293B13842AC900884EEB /* NSDateFormatter+Extras.m in Sources */,
				1316293C13842AC900884EEB /* NSDictionary+EmptyStrings.m in Sources */,
				1316293D13842AC900884EEB /* NSString+HTML.m in Sources */,
				1316293E13842AC900884EEB /* UINavigationBar+CustomImage.m in Sources */,
				1316293F13842AC900884EEB /* FeedArticleController.m in Sources */,
				1316294013842AC900884EEB /* FeedListingController.m in Sources */,
				1316294113842AC900884EEB /* ColllumnsAppDelegate.m in Sources */,
				1316294213842AC900884EEB /* FeedArticle.m in Sources */,
				1316294313842AC900884EEB /* FeedListing.m in Sources */,
				1316294413842AC900884EEB /* FeedListingDataSource.m in Sources */,
				1316294513842AC900884EEB /* FeedListingJSONResponse.m in Sources */,
				1316294613842AC900884EEB /* FeedListingResultsModel.m in Sources */,
				1316294713842AC900884EEB /* ArticleTableMessageItem.m in Sources */,
				1316294813842AC900884EEB /* ArticleTableMessageItemCell.m in Sources */,
				1316294913842AC900884EEB /* ColllumnsStyles.m in Sources */,
				1316294A13842AC900884EEB /* ListingTableMessageItem.m in Sources */,
				1316294B13842AC900884EEB /* ListingTableMessageItemCell.m in Sources */,
				1316296213842AD400884EEB /* GTMNSDictionary+URLArguments.m in Sources */,
				1316296313842AD400884EEB /* GTMNSString+HTML.m in Sources */,
				1316296413842AD400884EEB /* GTMNSString+URLArguments.m in Sources */,
				1316296513842AD400884EEB /* NSObject+SBJSON.m in Sources */,
				1316296613842AD400884EEB /* NSString+SBJSON.m in Sources */,
				1316296713842AD400884EEB /* SBJSON.m in Sources */,
				1316296813842AD400884EEB /* SBJsonBase.m in Sources */,
				1316296913842AD400884EEB /* SBJsonParser.m in Sources */,
				1316296A13842AD400884EEB /* SBJsonWriter.m in Sources */,
				1316297013842AF200884EEB /* main.m in Sources */,
			);
			runOnlyForDeploymentPostprocessing = 0;
		};
/* End PBXSourcesBuildPhase section */

/* Begin XCBuildConfiguration section */
		1316290613842A7B00884EEB /* Debug */ = {
			isa = XCBuildConfiguration;
			buildSettings = {
				ARCHS = "$(ARCHS_STANDARD_32_BIT)";
				"CODE_SIGN_IDENTITY[sdk=iphoneos*]" = "iPhone Developer";
				GCC_C_LANGUAGE_STANDARD = gnu99;
				GCC_OPTIMIZATION_LEVEL = 0;
				GCC_PREPROCESSOR_DEFINITIONS = DEBUG;
				GCC_SYMBOLS_PRIVATE_EXTERN = NO;
				GCC_VERSION = com.apple.compilers.llvmgcc42;
				GCC_WARN_ABOUT_RETURN_TYPE = YES;
				GCC_WARN_UNUSED_VARIABLE = YES;
				IPHONEOS_DEPLOYMENT_TARGET = 4.3;
				SDKROOT = iphoneos;
			};
			name = Debug;
		};
		1316290713842A7B00884EEB /* Release */ = {
			isa = XCBuildConfiguration;
			buildSettings = {
				ARCHS = "$(ARCHS_STANDARD_32_BIT)";
				"CODE_SIGN_IDENTITY[sdk=iphoneos*]" = "iPhone Developer";
				GCC_C_LANGUAGE_STANDARD = gnu99;
				GCC_VERSION = com.apple.compilers.llvmgcc42;
				GCC_WARN_ABOUT_RETURN_TYPE = YES;
				GCC_WARN_UNUSED_VARIABLE = YES;
				IPHONEOS_DEPLOYMENT_TARGET = 4.3;
				OTHER_CFLAGS = "-DNS_BLOCK_ASSERTIONS=1";
				SDKROOT = iphoneos;
			};
			name = Release;
		};
		1316290913842A7B00884EEB /* Debug */ = {
			isa = XCBuildConfiguration;
			buildSettings = {
				ALWAYS_SEARCH_USER_PATHS = NO;
				COPY_PHASE_STRIP = NO;
				GCC_DYNAMIC_NO_PIC = NO;
				GCC_PRECOMPILE_PREFIX_HEADER = YES;
				GCC_PREFIX_HEADER = "Colllumns/Colllumns-Prefix.pch";
				INFOPLIST_FILE = "Colllumns/Colllumns-Info.plist";
				PRODUCT_NAME = "$(TARGET_NAME)";
				WRAPPER_EXTENSION = app;
			};
			name = Debug;
		};
		1316290A13842A7B00884EEB /* Release */ = {
			isa = XCBuildConfiguration;
			buildSettings = {
				ALWAYS_SEARCH_USER_PATHS = NO;
				COPY_PHASE_STRIP = YES;
				GCC_PRECOMPILE_PREFIX_HEADER = YES;
				GCC_PREFIX_HEADER = "Colllumns/Colllumns-Prefix.pch";
				INFOPLIST_FILE = "Colllumns/Colllumns-Info.plist";
				PRODUCT_NAME = "$(TARGET_NAME)";
				VALIDATE_PRODUCT = YES;
				WRAPPER_EXTENSION = app;
			};
			name = Release;
		};
/* End XCBuildConfiguration section */

/* Begin XCConfigurationList section */
		131628E713842A7A00884EEB /* Build configuration list for PBXProject "Colllumns" */ = {
			isa = XCConfigurationList;
			buildConfigurations = (
				1316290613842A7B00884EEB /* Debug */,
				1316290713842A7B00884EEB /* Release */,
			);
			defaultConfigurationIsVisible = 0;
			defaultConfigurationName = Release;
		};
		1316290813842A7B00884EEB /* Build configuration list for PBXNativeTarget "Colllumns" */ = {
			isa = XCConfigurationList;
			buildConfigurations = (
				1316290913842A7B00884EEB /* Debug */,
				1316290A13842A7B00884EEB /* Release */,
			);
			defaultConfigurationIsVisible = 0;
			defaultConfigurationName = Release;
		};
/* End XCConfigurationList section */
	};
	rootObject = 131628E413842A7A00884EEB /* Project object */;
}
